
Microsoft Visual Studio Solution File, Format Version 12.00
# Visual Studio 15
VisualStudioVersion = 15.0.26430.16
MinimumVisualStudioVersion = 10.0.40219.1
Project("{FAE04EC0-301F-11D3-BF4B-00C04F79EFBC}") = "the-secret-code.crm", "the-secret-code.crm\the-secret-code.crm.csproj", "{7E0F6EF2-E0BA-4A46-8555-A6A260CC0BC3}"
EndProject
Project("{FAE04EC0-301F-11D3-BF4B-00C04F79EFBC}") = "the-secret-code.crm.Tests", "the-secret-code.crm.Tests\the-secret-code.crm.Tests.csproj", "{2F2A491E-01A5-480E-86F5-05ECC86F6178}"
EndProject
Global
	GlobalSection(SolutionConfigurationPlatforms) = preSolution
		Debug|Any CPU = Debug|Any CPU
		Release|Any CPU = Release|Any CPU
	EndGlobalSection
	GlobalSection(ProjectConfigurationPlatforms) = postSolution
		{7E0F6EF2-E0BA-4A46-8555-A6A260CC0BC3}.Debug|Any CPU.ActiveCfg = Debug|Any CPU
		{7E0F6EF2-E0BA-4A46-8555-A6A260CC0BC3}.Debug|Any CPU.Build.0 = Debug|Any CPU
		{7E0F6EF2-E0BA-4A46-8555-A6A260CC0BC3}.Release|Any CPU.ActiveCfg = Release|Any CPU
		{7E0F6EF2-E0BA-4A46-8555-A6A260CC0BC3}.Release|Any CPU.Build.0 = Release|Any CPU
		{2F2A491E-01A5-480E-86F5-05ECC86F6178}.Debug|Any CPU.ActiveCfg = Debug|Any CPU
		{2F2A491E-01A5-480E-86F5-05ECC86F6178}.Debug|Any CPU.Build.0 = Debug|Any CPU
		{2F2A491E-01A5-480E-86F5-05ECC86F6178}.Release|Any CPU.ActiveCfg = Release|Any CPU
		{2F2A491E-01A5-480E-86F5-05ECC86F6178}.Release|Any CPU.Build.0 = Release|Any CPU
	EndGlobalSection
	GlobalSection(SolutionProperties) = preSolution
		HideSolutionNode = FALSE
	EndGlobalSection
EndGlobal
